
Microsoft Visual Studio Solution File, Format Version 12.00
# Visual Studio 15
VisualStudioVersion = 15.0.27004.2010
MinimumVisualStudioVersion = 10.0.40219.1
Project("{8BC9CEB8-8B4A-11D0-8D11-00A0C91BC942}") = "SnowPlainImage", "SnowPlainImage\SnowPlainImage.vcxproj", "{07A6FAAD-8428-4D16-80F7-ED706BE94679}"
EndProject
Project("{8BC9CEB8-8B4A-11D0-8D11-00A0C91BC942}") = "Demo", "Demo\Demo.vcxproj", "{FB50773A-8376-4FD3-B588-F510B4586468}"
EndProject
Global
	GlobalSection(SolutionConfigurationPlatforms) = preSolution
		Debug|x64 = Debug|x64
		Debug|x86 = Debug|x86
		Release|x64 = Release|x64
		Release|x86 = Release|x86
	EndGlobalSection
	GlobalSection(ProjectConfigurationPlatforms) = postSolution
		{07A6FAAD-8428-4D16-80F7-ED706BE94679}.Debug|x64.ActiveCfg = Debug|x64
		{07A6FAAD-8428-4D16-80F7-ED706BE94679}.Debug|x64.Build.0 = Debug|x64
		{07A6FAAD-8428-4D16-80F7-ED706BE94679}.Debug|x86.ActiveCfg = Debug|Win32
		{07A6FAAD-8428-4D16-80F7-ED706BE94679}.Debug|x86.Build.0 = Debug|Win32
		{07A6FAAD-8428-4D16-80F7-ED706BE94679}.Release|x64.ActiveCfg = Release|x64
		{07A6FAAD-8428-4D16-80F7-ED706BE94679}.Release|x64.Build.0 = Release|x64
		{07A6FAAD-8428-4D16-80F7-ED706BE94679}.Release|x86.ActiveCfg = Release|Win32
		{07A6FAAD-8428-4D16-80F7-ED706BE94679}.Release|x86.Build.0 = Release|Win32
		{FB50773A-8376-4FD3-B588-F510B4586468}.Debug|x64.ActiveCfg = Debug|x64
		{FB50773A-8376-4FD3-B588-F510B4586468}.Debug|x64.Build.0 = Debug|x64
		{FB50773A-8376-4FD3-B588-F510B4586468}.Debug|x86.ActiveCfg = Debug|Win32
		{FB50773A-8376-4FD3-B588-F510B4586468}.Debug|x86.Build.0 = Debug|Win32
		{FB50773A-8376-4FD3-B588-F510B4586468}.Release|x64.ActiveCfg = Release|x64
		{FB50773A-8376-4FD3-B588-F510B4586468}.Release|x64.Build.0 = Release|x64
		{FB50773A-8376-4FD3-B588-F510B4586468}.Release|x86.ActiveCfg = Release|Win32
		{FB50773A-8376-4FD3-B588-F510B4586468}.Release|x86.Build.0 = Release|Win32
	EndGlobalSection
	GlobalSection(SolutionProperties) = preSolution
		HideSolutionNode = FALSE
	EndGlobalSection
	GlobalSection(ExtensibilityGlobals) = postSolution
		SolutionGuid = {21BC096D-0C76-4156-B33D-44D4719960C2}
	EndGlobalSection
EndGlobal
